
Microsoft Visual Studio Solution File, Format Version 12.00
# Visual Studio Version 17
VisualStudioVersion = 17.3.32929.385
MinimumVisualStudioVersion = 10.0.40219.1
Project("{9A19103F-16F7-4668-BE54-9A1E7A4F7556}") = "RoboRockets", "Robo Rockets\RoboRockets.csproj", "{AAA43DBC-7B67-4027-B615-4289936FB99C}"
EndProject
Project("{9A19103F-16F7-4668-BE54-9A1E7A4F7556}") = "UtilLibs", "UtilLibs\UtilLibs.csproj", "{BFA3D6B9-F435-448E-B1A0-0D33F944CEB3}"
EndProject
Project("{2150E333-8FDC-42A3-9474-1A3956D46DE8}") = "Solution Items", "Solution Items", "{24F61C11-CC87-4DFE-A4CF-659E31DFF121}"
	ProjectSection(SolutionItems) = preProject
		Directory.Build.props = Directory.Build.props
		Directory.Build.targets = Directory.Build.targets
		ModThatBroke.txt = ModThatBroke.txt
		UpdatedOniTemplate.zip = UpdatedOniTemplate.zip
	EndProjectSection
EndProject
Project("{9A19103F-16F7-4668-BE54-9A1E7A4F7556}") = "Radiator_Mod", "Radiator_Mod\Radiator_Mod.csproj", "{27578E2C-D7D3-4A01-94C1-58F72668471C}"
EndProject
Project("{9A19103F-16F7-4668-BE54-9A1E7A4F7556}") = "NuclearExpansion", "RocketryExpanded\NuclearExpansion.csproj", "{784D7585-0768-4D16-8534-FC8891A28E04}"
EndProject
Project("{9A19103F-16F7-4668-BE54-9A1E7A4F7556}") = "CannedFoodNGoods", "CannedFoodNGoods\CannedFoodNGoods.csproj", "{F25316D9-C3B0-4FBE-B112-4952336D4A07}"
EndProject
Project("{9A19103F-16F7-4668-BE54-9A1E7A4F7556}") = "LogicSatelites", "LogicSatelites\LogicSatelites.csproj", "{7F120EDF-5E97-4962-8A0A-1D96E654BF8F}"
EndProject
Project("{9A19103F-16F7-4668-BE54-9A1E7A4F7556}") = "Rockets-TinyYetBig", "Rockets-TinyYetBig\Rockets-TinyYetBig.csproj", "{F7AC93F7-8808-4677-A547-5BD90FF17290}"
EndProject
Project("{9A19103F-16F7-4668-BE54-9A1E7A4F7556}") = "YamlTemplateExportFix", "YamlTemplateExportFix\YamlTemplateExportFix.csproj", "{BA44B3B4-DB2A-4378-9C0A-F91ECCB8FA37}"
EndProject
Project("{9A19103F-16F7-4668-BE54-9A1E7A4F7556}") = "Cryopod", "Cryopod\Cryopod.csproj", "{561C0258-9610-4110-85FC-91810F54AA49}"
EndProject
Project("{9A19103F-16F7-4668-BE54-9A1E7A4F7556}") = "SpaceMapExpansionTest", "SpaceMapExpansionTest\SpaceMapExpansionTest.csproj", "{FD7AD2ED-E042-4193-B8D8-196F077D229A}"
EndProject
Project("{9A19103F-16F7-4668-BE54-9A1E7A4F7556}") = "SpaceStationsAndExploration", "SpaceStationsAndExploration\SpaceStationsAndExploration.csproj", "{B5D47E1B-5F2C-4232-8C97-5B11F8076907}"
EndProject
Project("{9A19103F-16F7-4668-BE54-9A1E7A4F7556}") = "ModListManager", "SaveGameModLoader\ModListManager.csproj", "{ED0AEDB8-8A03-45AE-8E61-71E7CA1EBCC6}"
EndProject
Project("{9A19103F-16F7-4668-BE54-9A1E7A4F7556}") = "SetStartDupes", "SetStartDupes\SetStartDupes.csproj", "{6AFD893D-3D81-4A1E-9857-EC99D3F106C4}"
EndProject
Project("{9A19103F-16F7-4668-BE54-9A1E7A4F7556}") = "DailyRoutine", "DailyRoutine\DailyRoutine.csproj", "{403DF048-A91F-4BCB-9DB1-AFB712E292D5}"
EndProject
Project("{9A19103F-16F7-4668-BE54-9A1E7A4F7556}") = "DupePodRailgun", "DupePodRailgun\DupePodRailgun.csproj", "{A2386D26-8ED8-49E6-B798-FE58CB9EC155}"
EndProject
Project("{9A19103F-16F7-4668-BE54-9A1E7A4F7556}") = "StoreDreamJournals", "StoreDreamJournals\StoreDreamJournals.csproj", "{C969069D-E336-4487-9B01-2BD856246C72}"
EndProject
Project("{9A19103F-16F7-4668-BE54-9A1E7A4F7556}") = "RotatableRadboltStorage", "RotatableRadboltStorage\RotatableRadboltStorage.csproj", "{1BF5EEA9-D320-4D86-A1CC-CB08486EF2AD}"
EndProject
Project("{9A19103F-16F7-4668-BE54-9A1E7A4F7556}") = "ClothingLockerMod", "LessAnnoyingPajamas\ClothingLockerMod.csproj", "{9FB36856-6C51-4DD5-9313-A8C70117BEFE}"
EndProject
Project("{9A19103F-16F7-4668-BE54-9A1E7A4F7556}") = "WeebPacu", "WeebPacu\WeebPacu.csproj", "{2379DE1F-1476-4832-AFC0-57D6AFD79DE1}"
EndProject
Project("{9A19103F-16F7-4668-BE54-9A1E7A4F7556}") = "AmogusMorb", "AmogusMorb\AmogusMorb.csproj", "{5F7EE812-EDDC-4D4D-B5A8-E4E934244F44}"
EndProject
Project("{9A19103F-16F7-4668-BE54-9A1E7A4F7556}") = "MoveDupeHere", "MoveDupeHere\MoveDupeHere.csproj", "{CED68AED-0D33-40AC-B916-D65232146B11}"
EndProject
Project("{9A19103F-16F7-4668-BE54-9A1E7A4F7556}") = "ConveyorTiles", "ConveyorTiles\ConveyorTiles.csproj", "{5A0D20B1-1AB0-42D8-AEBA-50F7DC3F2DF9}"
EndProject
Project("{9A19103F-16F7-4668-BE54-9A1E7A4F7556}") = "LostContentTestingGround", "ShockWormMob\LostContentTestingGround.csproj", "{2D1F531D-1F44-4AA7-9FAA-DDCA0668FCDD}"
EndProject
Project("{9A19103F-16F7-4668-BE54-9A1E7A4F7556}") = "CrittersShedFurOnBrush", "CrittersShedFurOnBrush\CrittersShedFurOnBrush.csproj", "{CCF03C35-C1E0-4FB8-AC44-A572E915F47B}"
EndProject
Project("{9A19103F-16F7-4668-BE54-9A1E7A4F7556}") = "LightBridge", "LightBridge\LightBridge.csproj", "{9FED2436-3145-42FD-BC60-3FF855FE1781}"
EndProject
Project("{9A19103F-16F7-4668-BE54-9A1E7A4F7556}") = "BiomeClimates", "BiomeClimates\BiomeClimates.csproj", "{118332F7-D5D0-4F24-968A-491790C48CE7}"
EndProject
Project("{9A19103F-16F7-4668-BE54-9A1E7A4F7556}") = "1_CycleComma", "1LineCrasher\1_CycleComma.csproj", "{1F037F3F-1961-48BD-9A89-BAC700BBB414}"
EndProject
Project("{9A19103F-16F7-4668-BE54-9A1E7A4F7556}") = "CrownMouldSkin", "CrownMouldSkin\CrownMouldSkin.csproj", "{C30B56BB-8F06-4BCB-BE39-766383904E21}"
EndProject
Project("{9A19103F-16F7-4668-BE54-9A1E7A4F7556}") = "BawoonFwiend", "BawoonFwiend\BawoonFwiend.csproj", "{ED80EDF1-7F8B-41F1-9960-382006C8069D}"
EndProject
Project("{9A19103F-16F7-4668-BE54-9A1E7A4F7556}") = "MineralizerReborn", "MineralizerReborn\MineralizerReborn.csproj", "{74656A3F-06D3-409F-89D3-E662CA9166C0}"
EndProject
Project("{9A19103F-16F7-4668-BE54-9A1E7A4F7556}") = "CritterTraitsReborn", "CritterTraitsReborn\CritterTraitsReborn.csproj", "{EA6B415D-0663-447B-A967-8DA5AEA331A2}"
EndProject
Project("{9A19103F-16F7-4668-BE54-9A1E7A4F7556}") = "DrywallPatternColours", "DrywallPatternColours\DrywallPatternColours.csproj", "{6208D3D8-C9AE-4824-A4F9-2B8108187B6B}"
EndProject
Project("{9A19103F-16F7-4668-BE54-9A1E7A4F7556}") = "ClusterMapGenerationManager", "ClusterTraitGenerationManager\ClusterMapGenerationManager.csproj", "{B23066FA-9664-4349-B246-46FBE774C680}"
EndProject
Project("{9A19103F-16F7-4668-BE54-9A1E7A4F7556}") = "ClaimNotification", "ClaimNotification\ClaimNotification.csproj", "{2C7B059A-3E4A-44E5-BDEF-A6B13C8F9E11}"
EndProject
Project("{9A19103F-16F7-4668-BE54-9A1E7A4F7556}") = "MeteorMigration", "MeteorMigration\MeteorMigration.csproj", "{C7D48C8F-D004-4C60-B8A2-9611892A07F2}"
EndProject
Project("{9A19103F-16F7-4668-BE54-9A1E7A4F7556}") = "NeutroniumTrashCan", "NeutroniumTrashCan\NeutroniumTrashCan.csproj", "{56852580-6340-45FF-A918-1A4A1DDADA85}"
EndProject
Project("{9A19103F-16F7-4668-BE54-9A1E7A4F7556}") = "DupeTransportViaNetwork", "DupeTransportViaNetwork\DupeTransportViaNetwork.csproj", "{A8EA023F-ACB1-4BD7-97CE-4CD22D779BEE}"
EndProject
Project("{9A19103F-16F7-4668-BE54-9A1E7A4F7556}") = "LaserMeteorBlasterCannon", "LaserMeteorBlasterCannon\LaserMeteorBlasterCannon.csproj", "{FC48D983-3405-408D-AFDA-E77F6B8F4A5A}"
EndProject
Project("{9A19103F-16F7-4668-BE54-9A1E7A4F7556}") = "MeteorDrops", "MeteorDrops\MeteorDrops.csproj", "{1F243FD7-C879-45F0-8214-F470346F7BC5}"
EndProject
Project("{9A19103F-16F7-4668-BE54-9A1E7A4F7556}") = "BetterCritterMorpher", "BetterCritterMorpher\BetterCritterMorpher.csproj", "{09E612AF-330D-4D82-B121-7A5D8238B593}"
EndProject
Project("{9A19103F-16F7-4668-BE54-9A1E7A4F7556}") = "CustomGameSettingsModifier", "CustomGameSettingsModifier\CustomGameSettingsModifier.csproj", "{B566130E-4FB9-4550-A2DB-00A1FE2A0525}"
EndProject
Project("{9A19103F-16F7-4668-BE54-9A1E7A4F7556}") = "DirtyBrine", "DirtyBrine\DirtyBrine.csproj", "{3B9174A5-647B-400D-A996-82EC3FD98F91}"
EndProject
Project("{9A19103F-16F7-4668-BE54-9A1E7A4F7556}") = "SGTIM_NotificationManager", "SGTIM_NotificationManager\SGTIM_NotificationManager.csproj", "{015F3844-DD84-46E4-90BF-1C1948229C2D}"
EndProject
Project("{9A19103F-16F7-4668-BE54-9A1E7A4F7556}") = "DupePrioPresetManager", "DupePrioPresetManager\DupePrioPresetManager.csproj", "{C3614197-712C-462F-AD31-6930BE5627C3}"
EndProject
Project("{9A19103F-16F7-4668-BE54-9A1E7A4F7556}") = "BuildingToken", "BuildingToken\BuildingToken.csproj", "{B1074224-1E07-4A5B-B187-1ACB6DC6A1C9}"
EndProject
Project("{9A19103F-16F7-4668-BE54-9A1E7A4F7556}") = "LitAF", "LitAF\LitAF.csproj", "{A6C785FE-A07E-4C2A-9942-D4B51CBF3DAF}"
EndProject
Project("{9A19103F-16F7-4668-BE54-9A1E7A4F7556}") = "UL_UniversalLyzer", "UL_UniversalLyzer\UL_UniversalLyzer.csproj", "{A6EC01CD-EC34-4618-A6CC-FB33AC200700}"
EndProject
Project("{9A19103F-16F7-4668-BE54-9A1E7A4F7556}") = "DebugButton", "DebugButton\DebugButton.csproj", "{73457190-2AA0-496B-BE52-CD4DBA89C303}"
EndProject
Project("{9A19103F-16F7-4668-BE54-9A1E7A4F7556}") = "BiomeTrimsFixed", "BiomeTrimsFixed\BiomeTrimsFixed.csproj", "{EFD5F74A-6E27-4F89-B7EF-028E91ED74F4}"
EndProject
Project("{9A19103F-16F7-4668-BE54-9A1E7A4F7556}") = "NeuralVaccilatorExpanded", "NeuralVaccilatorExpanded\NeuralVaccilatorExpanded.csproj", "{8793A841-D0E6-46FE-B5AC-456EF004AA62}"
EndProject
Project("{9A19103F-16F7-4668-BE54-9A1E7A4F7556}") = "Util_TwitchIntegrationLib", "Util_TwitchIntegrationLib\Util_TwitchIntegrationLib.csproj", "{71283410-EA3E-4DFD-B9D5-9CE9895F2C40}"
EndProject
Project("{9A19103F-16F7-4668-BE54-9A1E7A4F7556}") = "Imalas_TwitchChaosEvents", "Imalas_TwitchChaosEvents\Imalas_TwitchChaosEvents.csproj", "{9DDA660B-8AAF-4125-A7DE-D4E9121157F8}"
EndProject
Project("{9A19103F-16F7-4668-BE54-9A1E7A4F7556}") = "RadOceanRevamp", "RadOceanRevamp\RadOceanRevamp.csproj", "{A59AF28A-E7D9-444B-AEC4-F53967683E59}"
EndProject
Project("{9A19103F-16F7-4668-BE54-9A1E7A4F7556}") = "TileOfInterestOverlay", "TileOfInterestOverlay\TileOfInterestOverlay.csproj", "{F42A0D64-D331-40FA-8C36-886E4EC5E656}"
EndProject
Project("{9A19103F-16F7-4668-BE54-9A1E7A4F7556}") = "OniRetroEdition", "OniRetroEdition\OniRetroEdition.csproj", "{7327DAF2-86EB-43CD-904F-4AEB1A41F454}"
EndProject
Project("{9A19103F-16F7-4668-BE54-9A1E7A4F7556}") = "InvertedItemFilter", "InvertedItemFilter\InvertedItemFilter.csproj", "{14F424C8-92F2-4098-AF87-6E33BFBD8857}"
EndProject
Project("{9A19103F-16F7-4668-BE54-9A1E7A4F7556}") = "SubPlanetaryTransport", "SubPlanetaryTransport\SubPlanetaryTransport.csproj", "{C050C85A-4070-4781-A09B-7FD2D9F22F86}"
EndProject
Project("{9A19103F-16F7-4668-BE54-9A1E7A4F7556}") = "BrokenRocketInteriorPortFix", "BrokenRocketInteriorPortFix\BrokenRocketInteriorPortFix.csproj", "{B6BC63AA-520E-46A9-BA10-DBB149BC0CB1}"
EndProject
Project("{FAE04EC0-301F-11D3-BF4B-00C04F79EFBC}") = "ChainedDeconFix", "ChainedDeconFix\ChainedDeconFix.csproj", "{6BEA64D3-123A-49AF-8F47-B0D35704B740}"
EndProject
Global
	GlobalSection(SolutionConfigurationPlatforms) = preSolution
		Debug|Any CPU = Debug|Any CPU
		Release|Any CPU = Release|Any CPU
		ReleaseOld|Any CPU = ReleaseOld|Any CPU
	EndGlobalSection
	GlobalSection(ProjectConfigurationPlatforms) = postSolution
		{AAA43DBC-7B67-4027-B615-4289936FB99C}.Debug|Any CPU.ActiveCfg = Debug|Any CPU
		{AAA43DBC-7B67-4027-B615-4289936FB99C}.Debug|Any CPU.Build.0 = Debug|Any CPU
		{AAA43DBC-7B67-4027-B615-4289936FB99C}.Release|Any CPU.ActiveCfg = Release|Any CPU
		{AAA43DBC-7B67-4027-B615-4289936FB99C}.Release|Any CPU.Build.0 = Release|Any CPU
		{AAA43DBC-7B67-4027-B615-4289936FB99C}.ReleaseOld|Any CPU.ActiveCfg = Debug|Any CPU
		{AAA43DBC-7B67-4027-B615-4289936FB99C}.ReleaseOld|Any CPU.Build.0 = Debug|Any CPU
		{BFA3D6B9-F435-448E-B1A0-0D33F944CEB3}.Debug|Any CPU.ActiveCfg = Debug|Any CPU
		{BFA3D6B9-F435-448E-B1A0-0D33F944CEB3}.Debug|Any CPU.Build.0 = Debug|Any CPU
		{BFA3D6B9-F435-448E-B1A0-0D33F944CEB3}.Release|Any CPU.ActiveCfg = Release|Any CPU
		{BFA3D6B9-F435-448E-B1A0-0D33F944CEB3}.Release|Any CPU.Build.0 = Release|Any CPU
		{BFA3D6B9-F435-448E-B1A0-0D33F944CEB3}.ReleaseOld|Any CPU.ActiveCfg = Debug|Any CPU
		{BFA3D6B9-F435-448E-B1A0-0D33F944CEB3}.ReleaseOld|Any CPU.Build.0 = Debug|Any CPU
		{27578E2C-D7D3-4A01-94C1-58F72668471C}.Debug|Any CPU.ActiveCfg = Debug|Any CPU
		{27578E2C-D7D3-4A01-94C1-58F72668471C}.Debug|Any CPU.Build.0 = Debug|Any CPU
		{27578E2C-D7D3-4A01-94C1-58F72668471C}.Release|Any CPU.ActiveCfg = Release|Any CPU
		{27578E2C-D7D3-4A01-94C1-58F72668471C}.Release|Any CPU.Build.0 = Release|Any CPU
		{27578E2C-D7D3-4A01-94C1-58F72668471C}.ReleaseOld|Any CPU.ActiveCfg = Debug|Any CPU
		{27578E2C-D7D3-4A01-94C1-58F72668471C}.ReleaseOld|Any CPU.Build.0 = Debug|Any CPU
		{784D7585-0768-4D16-8534-FC8891A28E04}.Debug|Any CPU.ActiveCfg = Debug|Any CPU
		{784D7585-0768-4D16-8534-FC8891A28E04}.Debug|Any CPU.Build.0 = Debug|Any CPU
		{784D7585-0768-4D16-8534-FC8891A28E04}.Release|Any CPU.ActiveCfg = Debug|Any CPU
		{784D7585-0768-4D16-8534-FC8891A28E04}.Release|Any CPU.Build.0 = Debug|Any CPU
		{784D7585-0768-4D16-8534-FC8891A28E04}.ReleaseOld|Any CPU.ActiveCfg = Debug|Any CPU
		{784D7585-0768-4D16-8534-FC8891A28E04}.ReleaseOld|Any CPU.Build.0 = Debug|Any CPU
		{F25316D9-C3B0-4FBE-B112-4952336D4A07}.Debug|Any CPU.ActiveCfg = Debug|Any CPU
		{F25316D9-C3B0-4FBE-B112-4952336D4A07}.Debug|Any CPU.Build.0 = Debug|Any CPU
		{F25316D9-C3B0-4FBE-B112-4952336D4A07}.Release|Any CPU.ActiveCfg = Release|Any CPU
		{F25316D9-C3B0-4FBE-B112-4952336D4A07}.Release|Any CPU.Build.0 = Release|Any CPU
		{F25316D9-C3B0-4FBE-B112-4952336D4A07}.ReleaseOld|Any CPU.ActiveCfg = Debug|Any CPU
		{F25316D9-C3B0-4FBE-B112-4952336D4A07}.ReleaseOld|Any CPU.Build.0 = Debug|Any CPU
		{7F120EDF-5E97-4962-8A0A-1D96E654BF8F}.Debug|Any CPU.ActiveCfg = Debug|Any CPU
		{7F120EDF-5E97-4962-8A0A-1D96E654BF8F}.Debug|Any CPU.Build.0 = Debug|Any CPU
		{7F120EDF-5E97-4962-8A0A-1D96E654BF8F}.Release|Any CPU.ActiveCfg = Release|Any CPU
		{7F120EDF-5E97-4962-8A0A-1D96E654BF8F}.Release|Any CPU.Build.0 = Release|Any CPU
		{7F120EDF-5E97-4962-8A0A-1D96E654BF8F}.ReleaseOld|Any CPU.ActiveCfg = Debug|Any CPU
		{7F120EDF-5E97-4962-8A0A-1D96E654BF8F}.ReleaseOld|Any CPU.Build.0 = Debug|Any CPU
		{F7AC93F7-8808-4677-A547-5BD90FF17290}.Debug|Any CPU.ActiveCfg = Debug|Any CPU
		{F7AC93F7-8808-4677-A547-5BD90FF17290}.Debug|Any CPU.Build.0 = Debug|Any CPU
		{F7AC93F7-8808-4677-A547-5BD90FF17290}.Release|Any CPU.ActiveCfg = Release|Any CPU
		{F7AC93F7-8808-4677-A547-5BD90FF17290}.Release|Any CPU.Build.0 = Release|Any CPU
		{F7AC93F7-8808-4677-A547-5BD90FF17290}.ReleaseOld|Any CPU.ActiveCfg = Debug|Any CPU
		{F7AC93F7-8808-4677-A547-5BD90FF17290}.ReleaseOld|Any CPU.Build.0 = Debug|Any CPU
		{BA44B3B4-DB2A-4378-9C0A-F91ECCB8FA37}.Debug|Any CPU.ActiveCfg = Debug|Any CPU
		{BA44B3B4-DB2A-4378-9C0A-F91ECCB8FA37}.Debug|Any CPU.Build.0 = Debug|Any CPU
		{BA44B3B4-DB2A-4378-9C0A-F91ECCB8FA37}.Release|Any CPU.ActiveCfg = Release|Any CPU
		{BA44B3B4-DB2A-4378-9C0A-F91ECCB8FA37}.Release|Any CPU.Build.0 = Release|Any CPU
		{BA44B3B4-DB2A-4378-9C0A-F91ECCB8FA37}.ReleaseOld|Any CPU.ActiveCfg = Debug|Any CPU
		{BA44B3B4-DB2A-4378-9C0A-F91ECCB8FA37}.ReleaseOld|Any CPU.Build.0 = Debug|Any CPU
		{561C0258-9610-4110-85FC-91810F54AA49}.Debug|Any CPU.ActiveCfg = Debug|Any CPU
		{561C0258-9610-4110-85FC-91810F54AA49}.Debug|Any CPU.Build.0 = Debug|Any CPU
		{561C0258-9610-4110-85FC-91810F54AA49}.Release|Any CPU.ActiveCfg = Debug|Any CPU
		{561C0258-9610-4110-85FC-91810F54AA49}.Release|Any CPU.Build.0 = Debug|Any CPU
		{561C0258-9610-4110-85FC-91810F54AA49}.ReleaseOld|Any CPU.ActiveCfg = Debug|Any CPU
		{561C0258-9610-4110-85FC-91810F54AA49}.ReleaseOld|Any CPU.Build.0 = Debug|Any CPU
		{FD7AD2ED-E042-4193-B8D8-196F077D229A}.Debug|Any CPU.ActiveCfg = Debug|Any CPU
		{FD7AD2ED-E042-4193-B8D8-196F077D229A}.Debug|Any CPU.Build.0 = Debug|Any CPU
		{FD7AD2ED-E042-4193-B8D8-196F077D229A}.Release|Any CPU.ActiveCfg = Debug|Any CPU
		{FD7AD2ED-E042-4193-B8D8-196F077D229A}.ReleaseOld|Any CPU.ActiveCfg = Debug|Any CPU
		{FD7AD2ED-E042-4193-B8D8-196F077D229A}.ReleaseOld|Any CPU.Build.0 = Debug|Any CPU
		{B5D47E1B-5F2C-4232-8C97-5B11F8076907}.Debug|Any CPU.ActiveCfg = Debug|Any CPU
		{B5D47E1B-5F2C-4232-8C97-5B11F8076907}.Debug|Any CPU.Build.0 = Debug|Any CPU
		{B5D47E1B-5F2C-4232-8C97-5B11F8076907}.Release|Any CPU.ActiveCfg = Debug|Any CPU
		{B5D47E1B-5F2C-4232-8C97-5B11F8076907}.ReleaseOld|Any CPU.ActiveCfg = Debug|Any CPU
		{B5D47E1B-5F2C-4232-8C97-5B11F8076907}.ReleaseOld|Any CPU.Build.0 = Debug|Any CPU
		{ED0AEDB8-8A03-45AE-8E61-71E7CA1EBCC6}.Debug|Any CPU.ActiveCfg = Debug|Any CPU
		{ED0AEDB8-8A03-45AE-8E61-71E7CA1EBCC6}.Debug|Any CPU.Build.0 = Debug|Any CPU
		{ED0AEDB8-8A03-45AE-8E61-71E7CA1EBCC6}.Release|Any CPU.ActiveCfg = Release|Any CPU
		{ED0AEDB8-8A03-45AE-8E61-71E7CA1EBCC6}.Release|Any CPU.Build.0 = Release|Any CPU
		{ED0AEDB8-8A03-45AE-8E61-71E7CA1EBCC6}.ReleaseOld|Any CPU.ActiveCfg = Debug|Any CPU
		{ED0AEDB8-8A03-45AE-8E61-71E7CA1EBCC6}.ReleaseOld|Any CPU.Build.0 = Debug|Any CPU
		{6AFD893D-3D81-4A1E-9857-EC99D3F106C4}.Debug|Any CPU.ActiveCfg = Debug|Any CPU
		{6AFD893D-3D81-4A1E-9857-EC99D3F106C4}.Debug|Any CPU.Build.0 = Debug|Any CPU
		{6AFD893D-3D81-4A1E-9857-EC99D3F106C4}.Release|Any CPU.ActiveCfg = Release|Any CPU
		{6AFD893D-3D81-4A1E-9857-EC99D3F106C4}.Release|Any CPU.Build.0 = Release|Any CPU
		{6AFD893D-3D81-4A1E-9857-EC99D3F106C4}.ReleaseOld|Any CPU.ActiveCfg = Debug|Any CPU
		{6AFD893D-3D81-4A1E-9857-EC99D3F106C4}.ReleaseOld|Any CPU.Build.0 = Debug|Any CPU
		{403DF048-A91F-4BCB-9DB1-AFB712E292D5}.Debug|Any CPU.ActiveCfg = Debug|Any CPU
		{403DF048-A91F-4BCB-9DB1-AFB712E292D5}.Debug|Any CPU.Build.0 = Debug|Any CPU
		{403DF048-A91F-4BCB-9DB1-AFB712E292D5}.Release|Any CPU.ActiveCfg = Release|Any CPU
		{403DF048-A91F-4BCB-9DB1-AFB712E292D5}.Release|Any CPU.Build.0 = Release|Any CPU
		{403DF048-A91F-4BCB-9DB1-AFB712E292D5}.ReleaseOld|Any CPU.ActiveCfg = Debug|Any CPU
		{403DF048-A91F-4BCB-9DB1-AFB712E292D5}.ReleaseOld|Any CPU.Build.0 = Debug|Any CPU
		{A2386D26-8ED8-49E6-B798-FE58CB9EC155}.Debug|Any CPU.ActiveCfg = Debug|Any CPU
		{A2386D26-8ED8-49E6-B798-FE58CB9EC155}.Debug|Any CPU.Build.0 = Debug|Any CPU
		{A2386D26-8ED8-49E6-B798-FE58CB9EC155}.Release|Any CPU.ActiveCfg = Release|Any CPU
		{A2386D26-8ED8-49E6-B798-FE58CB9EC155}.Release|Any CPU.Build.0 = Release|Any CPU
		{A2386D26-8ED8-49E6-B798-FE58CB9EC155}.ReleaseOld|Any CPU.ActiveCfg = Debug|Any CPU
		{A2386D26-8ED8-49E6-B798-FE58CB9EC155}.ReleaseOld|Any CPU.Build.0 = Debug|Any CPU
		{C969069D-E336-4487-9B01-2BD856246C72}.Debug|Any CPU.ActiveCfg = Debug|Any CPU
		{C969069D-E336-4487-9B01-2BD856246C72}.Debug|Any CPU.Build.0 = Debug|Any CPU
		{C969069D-E336-4487-9B01-2BD856246C72}.Release|Any CPU.ActiveCfg = Release|Any CPU
		{C969069D-E336-4487-9B01-2BD856246C72}.Release|Any CPU.Build.0 = Release|Any CPU
		{C969069D-E336-4487-9B01-2BD856246C72}.ReleaseOld|Any CPU.ActiveCfg = Debug|Any CPU
		{C969069D-E336-4487-9B01-2BD856246C72}.ReleaseOld|Any CPU.Build.0 = Debug|Any CPU
		{1BF5EEA9-D320-4D86-A1CC-CB08486EF2AD}.Debug|Any CPU.ActiveCfg = Debug|Any CPU
		{1BF5EEA9-D320-4D86-A1CC-CB08486EF2AD}.Debug|Any CPU.Build.0 = Debug|Any CPU
		{1BF5EEA9-D320-4D86-A1CC-CB08486EF2AD}.Release|Any CPU.ActiveCfg = Debug|Any CPU
		{1BF5EEA9-D320-4D86-A1CC-CB08486EF2AD}.Release|Any CPU.Build.0 = Debug|Any CPU
		{1BF5EEA9-D320-4D86-A1CC-CB08486EF2AD}.ReleaseOld|Any CPU.ActiveCfg = Debug|Any CPU
		{1BF5EEA9-D320-4D86-A1CC-CB08486EF2AD}.ReleaseOld|Any CPU.Build.0 = Debug|Any CPU
		{9FB36856-6C51-4DD5-9313-A8C70117BEFE}.Debug|Any CPU.ActiveCfg = Debug|Any CPU
		{9FB36856-6C51-4DD5-9313-A8C70117BEFE}.Debug|Any CPU.Build.0 = Debug|Any CPU
		{9FB36856-6C51-4DD5-9313-A8C70117BEFE}.Release|Any CPU.ActiveCfg = Debug|Any CPU
		{9FB36856-6C51-4DD5-9313-A8C70117BEFE}.ReleaseOld|Any CPU.ActiveCfg = Debug|Any CPU
		{9FB36856-6C51-4DD5-9313-A8C70117BEFE}.ReleaseOld|Any CPU.Build.0 = Debug|Any CPU
		{2379DE1F-1476-4832-AFC0-57D6AFD79DE1}.Debug|Any CPU.ActiveCfg = Debug|Any CPU
		{2379DE1F-1476-4832-AFC0-57D6AFD79DE1}.Debug|Any CPU.Build.0 = Debug|Any CPU
		{2379DE1F-1476-4832-AFC0-57D6AFD79DE1}.Release|Any CPU.ActiveCfg = Debug|Any CPU
		{2379DE1F-1476-4832-AFC0-57D6AFD79DE1}.Release|Any CPU.Build.0 = Debug|Any CPU
		{2379DE1F-1476-4832-AFC0-57D6AFD79DE1}.ReleaseOld|Any CPU.ActiveCfg = Debug|Any CPU
		{2379DE1F-1476-4832-AFC0-57D6AFD79DE1}.ReleaseOld|Any CPU.Build.0 = Debug|Any CPU
		{5F7EE812-EDDC-4D4D-B5A8-E4E934244F44}.Debug|Any CPU.ActiveCfg = Debug|Any CPU
		{5F7EE812-EDDC-4D4D-B5A8-E4E934244F44}.Debug|Any CPU.Build.0 = Debug|Any CPU
		{5F7EE812-EDDC-4D4D-B5A8-E4E934244F44}.Release|Any CPU.ActiveCfg = Debug|Any CPU
		{5F7EE812-EDDC-4D4D-B5A8-E4E934244F44}.Release|Any CPU.Build.0 = Debug|Any CPU
		{5F7EE812-EDDC-4D4D-B5A8-E4E934244F44}.ReleaseOld|Any CPU.ActiveCfg = Debug|Any CPU
		{5F7EE812-EDDC-4D4D-B5A8-E4E934244F44}.ReleaseOld|Any CPU.Build.0 = Debug|Any CPU
		{CED68AED-0D33-40AC-B916-D65232146B11}.Debug|Any CPU.ActiveCfg = Debug|Any CPU
		{CED68AED-0D33-40AC-B916-D65232146B11}.Debug|Any CPU.Build.0 = Debug|Any CPU
		{CED68AED-0D33-40AC-B916-D65232146B11}.Release|Any CPU.ActiveCfg = Debug|Any CPU
		{CED68AED-0D33-40AC-B916-D65232146B11}.Release|Any CPU.Build.0 = Debug|Any CPU
		{CED68AED-0D33-40AC-B916-D65232146B11}.ReleaseOld|Any CPU.ActiveCfg = Debug|Any CPU
		{CED68AED-0D33-40AC-B916-D65232146B11}.ReleaseOld|Any CPU.Build.0 = Debug|Any CPU
		{5A0D20B1-1AB0-42D8-AEBA-50F7DC3F2DF9}.Debug|Any CPU.ActiveCfg = Debug|Any CPU
		{5A0D20B1-1AB0-42D8-AEBA-50F7DC3F2DF9}.Debug|Any CPU.Build.0 = Debug|Any CPU
		{5A0D20B1-1AB0-42D8-AEBA-50F7DC3F2DF9}.Release|Any CPU.ActiveCfg = Debug|Any CPU
		{5A0D20B1-1AB0-42D8-AEBA-50F7DC3F2DF9}.Release|Any CPU.Build.0 = Debug|Any CPU
		{5A0D20B1-1AB0-42D8-AEBA-50F7DC3F2DF9}.ReleaseOld|Any CPU.ActiveCfg = Debug|Any CPU
		{5A0D20B1-1AB0-42D8-AEBA-50F7DC3F2DF9}.ReleaseOld|Any CPU.Build.0 = Debug|Any CPU
		{2D1F531D-1F44-4AA7-9FAA-DDCA0668FCDD}.Debug|Any CPU.ActiveCfg = Debug|Any CPU
		{2D1F531D-1F44-4AA7-9FAA-DDCA0668FCDD}.Debug|Any CPU.Build.0 = Debug|Any CPU
		{2D1F531D-1F44-4AA7-9FAA-DDCA0668FCDD}.Release|Any CPU.ActiveCfg = Release|Any CPU
		{2D1F531D-1F44-4AA7-9FAA-DDCA0668FCDD}.Release|Any CPU.Build.0 = Release|Any CPU
		{2D1F531D-1F44-4AA7-9FAA-DDCA0668FCDD}.ReleaseOld|Any CPU.ActiveCfg = Debug|Any CPU
		{2D1F531D-1F44-4AA7-9FAA-DDCA0668FCDD}.ReleaseOld|Any CPU.Build.0 = Debug|Any CPU
		{CCF03C35-C1E0-4FB8-AC44-A572E915F47B}.Debug|Any CPU.ActiveCfg = Debug|Any CPU
		{CCF03C35-C1E0-4FB8-AC44-A572E915F47B}.Debug|Any CPU.Build.0 = Debug|Any CPU
		{CCF03C35-C1E0-4FB8-AC44-A572E915F47B}.Release|Any CPU.ActiveCfg = Release|Any CPU
		{CCF03C35-C1E0-4FB8-AC44-A572E915F47B}.Release|Any CPU.Build.0 = Release|Any CPU
		{CCF03C35-C1E0-4FB8-AC44-A572E915F47B}.ReleaseOld|Any CPU.ActiveCfg = Debug|Any CPU
		{CCF03C35-C1E0-4FB8-AC44-A572E915F47B}.ReleaseOld|Any CPU.Build.0 = Debug|Any CPU
		{9FED2436-3145-42FD-BC60-3FF855FE1781}.Debug|Any CPU.ActiveCfg = Debug|Any CPU
		{9FED2436-3145-42FD-BC60-3FF855FE1781}.Debug|Any CPU.Build.0 = Debug|Any CPU
		{9FED2436-3145-42FD-BC60-3FF855FE1781}.Release|Any CPU.ActiveCfg = Debug|Any CPU
		{9FED2436-3145-42FD-BC60-3FF855FE1781}.Release|Any CPU.Build.0 = Debug|Any CPU
		{9FED2436-3145-42FD-BC60-3FF855FE1781}.ReleaseOld|Any CPU.ActiveCfg = Debug|Any CPU
		{9FED2436-3145-42FD-BC60-3FF855FE1781}.ReleaseOld|Any CPU.Build.0 = Debug|Any CPU
		{118332F7-D5D0-4F24-968A-491790C48CE7}.Debug|Any CPU.ActiveCfg = Debug|Any CPU
		{118332F7-D5D0-4F24-968A-491790C48CE7}.Debug|Any CPU.Build.0 = Debug|Any CPU
		{118332F7-D5D0-4F24-968A-491790C48CE7}.Release|Any CPU.ActiveCfg = Debug|Any CPU
		{118332F7-D5D0-4F24-968A-491790C48CE7}.Release|Any CPU.Build.0 = Debug|Any CPU
		{118332F7-D5D0-4F24-968A-491790C48CE7}.ReleaseOld|Any CPU.ActiveCfg = Debug|Any CPU
		{118332F7-D5D0-4F24-968A-491790C48CE7}.ReleaseOld|Any CPU.Build.0 = Debug|Any CPU
		{1F037F3F-1961-48BD-9A89-BAC700BBB414}.Debug|Any CPU.ActiveCfg = Debug|Any CPU
		{1F037F3F-1961-48BD-9A89-BAC700BBB414}.Debug|Any CPU.Build.0 = Debug|Any CPU
		{1F037F3F-1961-48BD-9A89-BAC700BBB414}.Release|Any CPU.ActiveCfg = Debug|Any CPU
		{1F037F3F-1961-48BD-9A89-BAC700BBB414}.Release|Any CPU.Build.0 = Debug|Any CPU
		{1F037F3F-1961-48BD-9A89-BAC700BBB414}.ReleaseOld|Any CPU.ActiveCfg = Debug|Any CPU
		{1F037F3F-1961-48BD-9A89-BAC700BBB414}.ReleaseOld|Any CPU.Build.0 = Debug|Any CPU
		{C30B56BB-8F06-4BCB-BE39-766383904E21}.Debug|Any CPU.ActiveCfg = Debug|Any CPU
		{C30B56BB-8F06-4BCB-BE39-766383904E21}.Debug|Any CPU.Build.0 = Debug|Any CPU
		{C30B56BB-8F06-4BCB-BE39-766383904E21}.Release|Any CPU.ActiveCfg = Debug|Any CPU
		{C30B56BB-8F06-4BCB-BE39-766383904E21}.Release|Any CPU.Build.0 = Debug|Any CPU
		{C30B56BB-8F06-4BCB-BE39-766383904E21}.ReleaseOld|Any CPU.ActiveCfg = Debug|Any CPU
		{C30B56BB-8F06-4BCB-BE39-766383904E21}.ReleaseOld|Any CPU.Build.0 = Debug|Any CPU
		{ED80EDF1-7F8B-41F1-9960-382006C8069D}.Debug|Any CPU.ActiveCfg = Debug|Any CPU
		{ED80EDF1-7F8B-41F1-9960-382006C8069D}.Debug|Any CPU.Build.0 = Debug|Any CPU
		{ED80EDF1-7F8B-41F1-9960-382006C8069D}.Release|Any CPU.ActiveCfg = Debug|Any CPU
		{ED80EDF1-7F8B-41F1-9960-382006C8069D}.Release|Any CPU.Build.0 = Debug|Any CPU
		{ED80EDF1-7F8B-41F1-9960-382006C8069D}.ReleaseOld|Any CPU.ActiveCfg = Debug|Any CPU
		{ED80EDF1-7F8B-41F1-9960-382006C8069D}.ReleaseOld|Any CPU.Build.0 = Debug|Any CPU
		{74656A3F-06D3-409F-89D3-E662CA9166C0}.Debug|Any CPU.ActiveCfg = Debug|Any CPU
		{74656A3F-06D3-409F-89D3-E662CA9166C0}.Debug|Any CPU.Build.0 = Debug|Any CPU
		{74656A3F-06D3-409F-89D3-E662CA9166C0}.Release|Any CPU.ActiveCfg = Release|Any CPU
		{74656A3F-06D3-409F-89D3-E662CA9166C0}.Release|Any CPU.Build.0 = Release|Any CPU
		{74656A3F-06D3-409F-89D3-E662CA9166C0}.ReleaseOld|Any CPU.ActiveCfg = Debug|Any CPU
		{74656A3F-06D3-409F-89D3-E662CA9166C0}.ReleaseOld|Any CPU.Build.0 = Debug|Any CPU
		{EA6B415D-0663-447B-A967-8DA5AEA331A2}.Debug|Any CPU.ActiveCfg = Debug|Any CPU
		{EA6B415D-0663-447B-A967-8DA5AEA331A2}.Debug|Any CPU.Build.0 = Debug|Any CPU
		{EA6B415D-0663-447B-A967-8DA5AEA331A2}.Release|Any CPU.ActiveCfg = Debug|Any CPU
		{EA6B415D-0663-447B-A967-8DA5AEA331A2}.Release|Any CPU.Build.0 = Debug|Any CPU
		{EA6B415D-0663-447B-A967-8DA5AEA331A2}.ReleaseOld|Any CPU.ActiveCfg = Debug|Any CPU
		{EA6B415D-0663-447B-A967-8DA5AEA331A2}.ReleaseOld|Any CPU.Build.0 = Debug|Any CPU
		{6208D3D8-C9AE-4824-A4F9-2B8108187B6B}.Debug|Any CPU.ActiveCfg = Debug|Any CPU
		{6208D3D8-C9AE-4824-A4F9-2B8108187B6B}.Debug|Any CPU.Build.0 = Debug|Any CPU
		{6208D3D8-C9AE-4824-A4F9-2B8108187B6B}.Release|Any CPU.ActiveCfg = Release|Any CPU
		{6208D3D8-C9AE-4824-A4F9-2B8108187B6B}.Release|Any CPU.Build.0 = Release|Any CPU
		{6208D3D8-C9AE-4824-A4F9-2B8108187B6B}.ReleaseOld|Any CPU.ActiveCfg = Debug|Any CPU
		{6208D3D8-C9AE-4824-A4F9-2B8108187B6B}.ReleaseOld|Any CPU.Build.0 = Debug|Any CPU
		{B23066FA-9664-4349-B246-46FBE774C680}.Debug|Any CPU.ActiveCfg = Debug|Any CPU
		{B23066FA-9664-4349-B246-46FBE774C680}.Debug|Any CPU.Build.0 = Debug|Any CPU
		{B23066FA-9664-4349-B246-46FBE774C680}.Release|Any CPU.ActiveCfg = Release|Any CPU
		{B23066FA-9664-4349-B246-46FBE774C680}.Release|Any CPU.Build.0 = Release|Any CPU
		{B23066FA-9664-4349-B246-46FBE774C680}.ReleaseOld|Any CPU.ActiveCfg = Debug|Any CPU
		{B23066FA-9664-4349-B246-46FBE774C680}.ReleaseOld|Any CPU.Build.0 = Debug|Any CPU
		{2C7B059A-3E4A-44E5-BDEF-A6B13C8F9E11}.Debug|Any CPU.ActiveCfg = Debug|Any CPU
		{2C7B059A-3E4A-44E5-BDEF-A6B13C8F9E11}.Debug|Any CPU.Build.0 = Debug|Any CPU
		{2C7B059A-3E4A-44E5-BDEF-A6B13C8F9E11}.Release|Any CPU.ActiveCfg = Debug|Any CPU
		{2C7B059A-3E4A-44E5-BDEF-A6B13C8F9E11}.Release|Any CPU.Build.0 = Debug|Any CPU
		{2C7B059A-3E4A-44E5-BDEF-A6B13C8F9E11}.ReleaseOld|Any CPU.ActiveCfg = Debug|Any CPU
		{2C7B059A-3E4A-44E5-BDEF-A6B13C8F9E11}.ReleaseOld|Any CPU.Build.0 = Debug|Any CPU
		{C7D48C8F-D004-4C60-B8A2-9611892A07F2}.Debug|Any CPU.ActiveCfg = Debug|Any CPU
		{C7D48C8F-D004-4C60-B8A2-9611892A07F2}.Debug|Any CPU.Build.0 = Debug|Any CPU
		{C7D48C8F-D004-4C60-B8A2-9611892A07F2}.Release|Any CPU.ActiveCfg = Debug|Any CPU
		{C7D48C8F-D004-4C60-B8A2-9611892A07F2}.Release|Any CPU.Build.0 = Debug|Any CPU
		{C7D48C8F-D004-4C60-B8A2-9611892A07F2}.ReleaseOld|Any CPU.ActiveCfg = Debug|Any CPU
		{C7D48C8F-D004-4C60-B8A2-9611892A07F2}.ReleaseOld|Any CPU.Build.0 = Debug|Any CPU
		{56852580-6340-45FF-A918-1A4A1DDADA85}.Debug|Any CPU.ActiveCfg = Debug|Any CPU
		{56852580-6340-45FF-A918-1A4A1DDADA85}.Debug|Any CPU.Build.0 = Debug|Any CPU
		{56852580-6340-45FF-A918-1A4A1DDADA85}.Release|Any CPU.ActiveCfg = Debug|Any CPU
		{56852580-6340-45FF-A918-1A4A1DDADA85}.Release|Any CPU.Build.0 = Debug|Any CPU
		{56852580-6340-45FF-A918-1A4A1DDADA85}.ReleaseOld|Any CPU.ActiveCfg = Debug|Any CPU
		{56852580-6340-45FF-A918-1A4A1DDADA85}.ReleaseOld|Any CPU.Build.0 = Debug|Any CPU
		{A8EA023F-ACB1-4BD7-97CE-4CD22D779BEE}.Debug|Any CPU.ActiveCfg = Debug|Any CPU
		{A8EA023F-ACB1-4BD7-97CE-4CD22D779BEE}.Debug|Any CPU.Build.0 = Debug|Any CPU
		{A8EA023F-ACB1-4BD7-97CE-4CD22D779BEE}.Release|Any CPU.ActiveCfg = Debug|Any CPU
		{A8EA023F-ACB1-4BD7-97CE-4CD22D779BEE}.Release|Any CPU.Build.0 = Debug|Any CPU
		{A8EA023F-ACB1-4BD7-97CE-4CD22D779BEE}.ReleaseOld|Any CPU.ActiveCfg = Debug|Any CPU
		{A8EA023F-ACB1-4BD7-97CE-4CD22D779BEE}.ReleaseOld|Any CPU.Build.0 = Debug|Any CPU
		{FC48D983-3405-408D-AFDA-E77F6B8F4A5A}.Debug|Any CPU.ActiveCfg = Debug|Any CPU
		{FC48D983-3405-408D-AFDA-E77F6B8F4A5A}.Debug|Any CPU.Build.0 = Debug|Any CPU
		{FC48D983-3405-408D-AFDA-E77F6B8F4A5A}.Release|Any CPU.ActiveCfg = Debug|Any CPU
		{FC48D983-3405-408D-AFDA-E77F6B8F4A5A}.Release|Any CPU.Build.0 = Debug|Any CPU
		{FC48D983-3405-408D-AFDA-E77F6B8F4A5A}.ReleaseOld|Any CPU.ActiveCfg = Debug|Any CPU
		{FC48D983-3405-408D-AFDA-E77F6B8F4A5A}.ReleaseOld|Any CPU.Build.0 = Debug|Any CPU
		{1F243FD7-C879-45F0-8214-F470346F7BC5}.Debug|Any CPU.ActiveCfg = Debug|Any CPU
		{1F243FD7-C879-45F0-8214-F470346F7BC5}.Debug|Any CPU.Build.0 = Debug|Any CPU
		{1F243FD7-C879-45F0-8214-F470346F7BC5}.Release|Any CPU.ActiveCfg = Debug|Any CPU
		{1F243FD7-C879-45F0-8214-F470346F7BC5}.Release|Any CPU.Build.0 = Debug|Any CPU
		{1F243FD7-C879-45F0-8214-F470346F7BC5}.ReleaseOld|Any CPU.ActiveCfg = Debug|Any CPU
		{1F243FD7-C879-45F0-8214-F470346F7BC5}.ReleaseOld|Any CPU.Build.0 = Debug|Any CPU
		{09E612AF-330D-4D82-B121-7A5D8238B593}.Debug|Any CPU.ActiveCfg = Debug|Any CPU
		{09E612AF-330D-4D82-B121-7A5D8238B593}.Debug|Any CPU.Build.0 = Debug|Any CPU
		{09E612AF-330D-4D82-B121-7A5D8238B593}.Release|Any CPU.ActiveCfg = Debug|Any CPU
		{09E612AF-330D-4D82-B121-7A5D8238B593}.Release|Any CPU.Build.0 = Debug|Any CPU
		{09E612AF-330D-4D82-B121-7A5D8238B593}.ReleaseOld|Any CPU.ActiveCfg = Debug|Any CPU
		{09E612AF-330D-4D82-B121-7A5D8238B593}.ReleaseOld|Any CPU.Build.0 = Debug|Any CPU
		{B566130E-4FB9-4550-A2DB-00A1FE2A0525}.Debug|Any CPU.ActiveCfg = Debug|Any CPU
		{B566130E-4FB9-4550-A2DB-00A1FE2A0525}.Debug|Any CPU.Build.0 = Debug|Any CPU
		{B566130E-4FB9-4550-A2DB-00A1FE2A0525}.Release|Any CPU.ActiveCfg = Debug|Any CPU
		{B566130E-4FB9-4550-A2DB-00A1FE2A0525}.Release|Any CPU.Build.0 = Debug|Any CPU
		{B566130E-4FB9-4550-A2DB-00A1FE2A0525}.ReleaseOld|Any CPU.ActiveCfg = Debug|Any CPU
		{B566130E-4FB9-4550-A2DB-00A1FE2A0525}.ReleaseOld|Any CPU.Build.0 = Debug|Any CPU
		{3B9174A5-647B-400D-A996-82EC3FD98F91}.Debug|Any CPU.ActiveCfg = Debug|Any CPU
		{3B9174A5-647B-400D-A996-82EC3FD98F91}.Debug|Any CPU.Build.0 = Debug|Any CPU
		{3B9174A5-647B-400D-A996-82EC3FD98F91}.Release|Any CPU.ActiveCfg = Debug|Any CPU
		{3B9174A5-647B-400D-A996-82EC3FD98F91}.Release|Any CPU.Build.0 = Debug|Any CPU
		{3B9174A5-647B-400D-A996-82EC3FD98F91}.ReleaseOld|Any CPU.ActiveCfg = Debug|Any CPU
		{3B9174A5-647B-400D-A996-82EC3FD98F91}.ReleaseOld|Any CPU.Build.0 = Debug|Any CPU
		{015F3844-DD84-46E4-90BF-1C1948229C2D}.Debug|Any CPU.ActiveCfg = Debug|Any CPU
		{015F3844-DD84-46E4-90BF-1C1948229C2D}.Debug|Any CPU.Build.0 = Debug|Any CPU
		{015F3844-DD84-46E4-90BF-1C1948229C2D}.Release|Any CPU.ActiveCfg = Debug|Any CPU
		{015F3844-DD84-46E4-90BF-1C1948229C2D}.Release|Any CPU.Build.0 = Debug|Any CPU
		{015F3844-DD84-46E4-90BF-1C1948229C2D}.ReleaseOld|Any CPU.ActiveCfg = Debug|Any CPU
		{015F3844-DD84-46E4-90BF-1C1948229C2D}.ReleaseOld|Any CPU.Build.0 = Debug|Any CPU
		{C3614197-712C-462F-AD31-6930BE5627C3}.Debug|Any CPU.ActiveCfg = Debug|Any CPU
		{C3614197-712C-462F-AD31-6930BE5627C3}.Debug|Any CPU.Build.0 = Debug|Any CPU
		{C3614197-712C-462F-AD31-6930BE5627C3}.Release|Any CPU.ActiveCfg = Debug|Any CPU
		{C3614197-712C-462F-AD31-6930BE5627C3}.Release|Any CPU.Build.0 = Debug|Any CPU
		{C3614197-712C-462F-AD31-6930BE5627C3}.ReleaseOld|Any CPU.ActiveCfg = Debug|Any CPU
		{C3614197-712C-462F-AD31-6930BE5627C3}.ReleaseOld|Any CPU.Build.0 = Debug|Any CPU
		{B1074224-1E07-4A5B-B187-1ACB6DC6A1C9}.Debug|Any CPU.ActiveCfg = Debug|Any CPU
		{B1074224-1E07-4A5B-B187-1ACB6DC6A1C9}.Debug|Any CPU.Build.0 = Debug|Any CPU
		{B1074224-1E07-4A5B-B187-1ACB6DC6A1C9}.Release|Any CPU.ActiveCfg = Debug|Any CPU
		{B1074224-1E07-4A5B-B187-1ACB6DC6A1C9}.Release|Any CPU.Build.0 = Debug|Any CPU
		{B1074224-1E07-4A5B-B187-1ACB6DC6A1C9}.ReleaseOld|Any CPU.ActiveCfg = Debug|Any CPU
		{B1074224-1E07-4A5B-B187-1ACB6DC6A1C9}.ReleaseOld|Any CPU.Build.0 = Debug|Any CPU
		{A6C785FE-A07E-4C2A-9942-D4B51CBF3DAF}.Debug|Any CPU.ActiveCfg = Debug|Any CPU
		{A6C785FE-A07E-4C2A-9942-D4B51CBF3DAF}.Debug|Any CPU.Build.0 = Debug|Any CPU
		{A6C785FE-A07E-4C2A-9942-D4B51CBF3DAF}.Release|Any CPU.ActiveCfg = Debug|Any CPU
		{A6C785FE-A07E-4C2A-9942-D4B51CBF3DAF}.Release|Any CPU.Build.0 = Debug|Any CPU
		{A6C785FE-A07E-4C2A-9942-D4B51CBF3DAF}.ReleaseOld|Any CPU.ActiveCfg = Debug|Any CPU
		{A6C785FE-A07E-4C2A-9942-D4B51CBF3DAF}.ReleaseOld|Any CPU.Build.0 = Debug|Any CPU
		{A6EC01CD-EC34-4618-A6CC-FB33AC200700}.Debug|Any CPU.ActiveCfg = Debug|Any CPU
		{A6EC01CD-EC34-4618-A6CC-FB33AC200700}.Debug|Any CPU.Build.0 = Debug|Any CPU
		{A6EC01CD-EC34-4618-A6CC-FB33AC200700}.Release|Any CPU.ActiveCfg = Debug|Any CPU
		{A6EC01CD-EC34-4618-A6CC-FB33AC200700}.Release|Any CPU.Build.0 = Debug|Any CPU
		{A6EC01CD-EC34-4618-A6CC-FB33AC200700}.ReleaseOld|Any CPU.ActiveCfg = Debug|Any CPU
		{A6EC01CD-EC34-4618-A6CC-FB33AC200700}.ReleaseOld|Any CPU.Build.0 = Debug|Any CPU
		{73457190-2AA0-496B-BE52-CD4DBA89C303}.Debug|Any CPU.ActiveCfg = Debug|Any CPU
		{73457190-2AA0-496B-BE52-CD4DBA89C303}.Debug|Any CPU.Build.0 = Debug|Any CPU
		{73457190-2AA0-496B-BE52-CD4DBA89C303}.Release|Any CPU.ActiveCfg = Debug|Any CPU
		{73457190-2AA0-496B-BE52-CD4DBA89C303}.Release|Any CPU.Build.0 = Debug|Any CPU
		{73457190-2AA0-496B-BE52-CD4DBA89C303}.ReleaseOld|Any CPU.ActiveCfg = Debug|Any CPU
		{73457190-2AA0-496B-BE52-CD4DBA89C303}.ReleaseOld|Any CPU.Build.0 = Debug|Any CPU
		{EFD5F74A-6E27-4F89-B7EF-028E91ED74F4}.Debug|Any CPU.ActiveCfg = Debug|Any CPU
		{EFD5F74A-6E27-4F89-B7EF-028E91ED74F4}.Debug|Any CPU.Build.0 = Debug|Any CPU
		{EFD5F74A-6E27-4F89-B7EF-028E91ED74F4}.Release|Any CPU.ActiveCfg = Debug|Any CPU
		{EFD5F74A-6E27-4F89-B7EF-028E91ED74F4}.Release|Any CPU.Build.0 = Debug|Any CPU
		{EFD5F74A-6E27-4F89-B7EF-028E91ED74F4}.ReleaseOld|Any CPU.ActiveCfg = Debug|Any CPU
		{EFD5F74A-6E27-4F89-B7EF-028E91ED74F4}.ReleaseOld|Any CPU.Build.0 = Debug|Any CPU
		{8793A841-D0E6-46FE-B5AC-456EF004AA62}.Debug|Any CPU.ActiveCfg = Debug|Any CPU
		{8793A841-D0E6-46FE-B5AC-456EF004AA62}.Debug|Any CPU.Build.0 = Debug|Any CPU
		{8793A841-D0E6-46FE-B5AC-456EF004AA62}.Release|Any CPU.ActiveCfg = Debug|Any CPU
		{8793A841-D0E6-46FE-B5AC-456EF004AA62}.Release|Any CPU.Build.0 = Debug|Any CPU
		{8793A841-D0E6-46FE-B5AC-456EF004AA62}.ReleaseOld|Any CPU.ActiveCfg = Debug|Any CPU
		{8793A841-D0E6-46FE-B5AC-456EF004AA62}.ReleaseOld|Any CPU.Build.0 = Debug|Any CPU
		{71283410-EA3E-4DFD-B9D5-9CE9895F2C40}.Debug|Any CPU.ActiveCfg = Debug|Any CPU
		{71283410-EA3E-4DFD-B9D5-9CE9895F2C40}.Debug|Any CPU.Build.0 = Debug|Any CPU
		{71283410-EA3E-4DFD-B9D5-9CE9895F2C40}.Release|Any CPU.ActiveCfg = Release|Any CPU
		{71283410-EA3E-4DFD-B9D5-9CE9895F2C40}.Release|Any CPU.Build.0 = Release|Any CPU
		{71283410-EA3E-4DFD-B9D5-9CE9895F2C40}.ReleaseOld|Any CPU.ActiveCfg = Release|Any CPU
		{71283410-EA3E-4DFD-B9D5-9CE9895F2C40}.ReleaseOld|Any CPU.Build.0 = Release|Any CPU
		{9DDA660B-8AAF-4125-A7DE-D4E9121157F8}.Debug|Any CPU.ActiveCfg = Debug|Any CPU
		{9DDA660B-8AAF-4125-A7DE-D4E9121157F8}.Debug|Any CPU.Build.0 = Debug|Any CPU
		{9DDA660B-8AAF-4125-A7DE-D4E9121157F8}.Release|Any CPU.ActiveCfg = Debug|Any CPU
		{9DDA660B-8AAF-4125-A7DE-D4E9121157F8}.Release|Any CPU.Build.0 = Debug|Any CPU
		{9DDA660B-8AAF-4125-A7DE-D4E9121157F8}.ReleaseOld|Any CPU.ActiveCfg = Debug|Any CPU
		{9DDA660B-8AAF-4125-A7DE-D4E9121157F8}.ReleaseOld|Any CPU.Build.0 = Debug|Any CPU
		{A59AF28A-E7D9-444B-AEC4-F53967683E59}.Debug|Any CPU.ActiveCfg = Debug|Any CPU
		{A59AF28A-E7D9-444B-AEC4-F53967683E59}.Debug|Any CPU.Build.0 = Debug|Any CPU
		{A59AF28A-E7D9-444B-AEC4-F53967683E59}.Release|Any CPU.ActiveCfg = Debug|Any CPU
		{A59AF28A-E7D9-444B-AEC4-F53967683E59}.Release|Any CPU.Build.0 = Debug|Any CPU
		{A59AF28A-E7D9-444B-AEC4-F53967683E59}.ReleaseOld|Any CPU.ActiveCfg = Debug|Any CPU
		{A59AF28A-E7D9-444B-AEC4-F53967683E59}.ReleaseOld|Any CPU.Build.0 = Debug|Any CPU
		{F42A0D64-D331-40FA-8C36-886E4EC5E656}.Debug|Any CPU.ActiveCfg = Debug|Any CPU
		{F42A0D64-D331-40FA-8C36-886E4EC5E656}.Debug|Any CPU.Build.0 = Debug|Any CPU
		{F42A0D64-D331-40FA-8C36-886E4EC5E656}.Release|Any CPU.ActiveCfg = Debug|Any CPU
		{F42A0D64-D331-40FA-8C36-886E4EC5E656}.Release|Any CPU.Build.0 = Debug|Any CPU
		{F42A0D64-D331-40FA-8C36-886E4EC5E656}.ReleaseOld|Any CPU.ActiveCfg = Debug|Any CPU
		{F42A0D64-D331-40FA-8C36-886E4EC5E656}.ReleaseOld|Any CPU.Build.0 = Debug|Any CPU
		{7327DAF2-86EB-43CD-904F-4AEB1A41F454}.Debug|Any CPU.ActiveCfg = Debug|Any CPU
		{7327DAF2-86EB-43CD-904F-4AEB1A41F454}.Debug|Any CPU.Build.0 = Debug|Any CPU
		{7327DAF2-86EB-43CD-904F-4AEB1A41F454}.Release|Any CPU.ActiveCfg = Debug|Any CPU
		{7327DAF2-86EB-43CD-904F-4AEB1A41F454}.Release|Any CPU.Build.0 = Debug|Any CPU
		{7327DAF2-86EB-43CD-904F-4AEB1A41F454}.ReleaseOld|Any CPU.ActiveCfg = Debug|Any CPU
		{7327DAF2-86EB-43CD-904F-4AEB1A41F454}.ReleaseOld|Any CPU.Build.0 = Debug|Any CPU
		{14F424C8-92F2-4098-AF87-6E33BFBD8857}.Debug|Any CPU.ActiveCfg = Debug|Any CPU
		{14F424C8-92F2-4098-AF87-6E33BFBD8857}.Debug|Any CPU.Build.0 = Debug|Any CPU
		{14F424C8-92F2-4098-AF87-6E33BFBD8857}.Release|Any CPU.ActiveCfg = Debug|Any CPU
		{14F424C8-92F2-4098-AF87-6E33BFBD8857}.Release|Any CPU.Build.0 = Debug|Any CPU
		{14F424C8-92F2-4098-AF87-6E33BFBD8857}.ReleaseOld|Any CPU.ActiveCfg = Debug|Any CPU
		{14F424C8-92F2-4098-AF87-6E33BFBD8857}.ReleaseOld|Any CPU.Build.0 = Debug|Any CPU
		{C050C85A-4070-4781-A09B-7FD2D9F22F86}.Debug|Any CPU.ActiveCfg = Debug|Any CPU
		{C050C85A-4070-4781-A09B-7FD2D9F22F86}.Debug|Any CPU.Build.0 = Debug|Any CPU
		{C050C85A-4070-4781-A09B-7FD2D9F22F86}.Release|Any CPU.ActiveCfg = Debug|Any CPU
		{C050C85A-4070-4781-A09B-7FD2D9F22F86}.Release|Any CPU.Build.0 = Debug|Any CPU
		{C050C85A-4070-4781-A09B-7FD2D9F22F86}.ReleaseOld|Any CPU.ActiveCfg = Debug|Any CPU
		{C050C85A-4070-4781-A09B-7FD2D9F22F86}.ReleaseOld|Any CPU.Build.0 = Debug|Any CPU
		{B6BC63AA-520E-46A9-BA10-DBB149BC0CB1}.Debug|Any CPU.ActiveCfg = Debug|Any CPU
		{B6BC63AA-520E-46A9-BA10-DBB149BC0CB1}.Debug|Any CPU.Build.0 = Debug|Any CPU
		{B6BC63AA-520E-46A9-BA10-DBB149BC0CB1}.Release|Any CPU.ActiveCfg = Debug|Any CPU
		{B6BC63AA-520E-46A9-BA10-DBB149BC0CB1}.Release|Any CPU.Build.0 = Debug|Any CPU
		{B6BC63AA-520E-46A9-BA10-DBB149BC0CB1}.ReleaseOld|Any CPU.ActiveCfg = Debug|Any CPU
		{B6BC63AA-520E-46A9-BA10-DBB149BC0CB1}.ReleaseOld|Any CPU.Build.0 = Debug|Any CPU
		{6BEA64D3-123A-49AF-8F47-B0D35704B740}.Debug|Any CPU.ActiveCfg = Debug|Any CPU
		{6BEA64D3-123A-49AF-8F47-B0D35704B740}.Debug|Any CPU.Build.0 = Debug|Any CPU
		{6BEA64D3-123A-49AF-8F47-B0D35704B740}.Release|Any CPU.ActiveCfg = Debug|Any CPU
		{6BEA64D3-123A-49AF-8F47-B0D35704B740}.Release|Any CPU.Build.0 = Debug|Any CPU
		{6BEA64D3-123A-49AF-8F47-B0D35704B740}.ReleaseOld|Any CPU.ActiveCfg = Debug|Any CPU
		{6BEA64D3-123A-49AF-8F47-B0D35704B740}.ReleaseOld|Any CPU.Build.0 = Debug|Any CPU
	EndGlobalSection
	GlobalSection(SolutionProperties) = preSolution
		HideSolutionNode = FALSE
	EndGlobalSection
	GlobalSection(ExtensibilityGlobals) = postSolution
		SolutionGuid = {898228DF-1C3B-4527-B10D-83145966681D}
	EndGlobalSection
EndGlobal
