
Microsoft Visual Studio Solution File, Format Version 12.00
# Visual Studio Version 17
VisualStudioVersion = 17.3.32929.385
MinimumVisualStudioVersion = 10.0.40219.1
Project("{9A19103F-16F7-4668-BE54-9A1E7A4F7556}") = "RoboRockets", "Robo Rockets\RoboRockets.csproj", "{AAA43DBC-7B67-4027-B615-4289936FB99C}"
EndProject
Project("{9A19103F-16F7-4668-BE54-9A1E7A4F7556}") = "UtilLibs", "UtilLibs\UtilLibs.csproj", "{BFA3D6B9-F435-448E-B1A0-0D33F944CEB3}"
EndProject
Project("{2150E333-8FDC-42A3-9474-1A3956D46DE8}") = "Solution Items", "Solution Items", "{24F61C11-CC87-4DFE-A4CF-659E31DFF121}"
	ProjectSection(SolutionItems) = preProject
		Directory.Build.props = Directory.Build.props
		Directory.Build.targets = Directory.Build.targets
		README.md = README.md
	EndProjectSection
EndProject
Project("{9A19103F-16F7-4668-BE54-9A1E7A4F7556}") = "Radiator_Mod", "Radiator_Mod\Radiator_Mod.csproj", "{27578E2C-D7D3-4A01-94C1-58F72668471C}"
EndProject
Project("{9A19103F-16F7-4668-BE54-9A1E7A4F7556}") = "NuclearExpansion", "RocketryExpanded\NuclearExpansion.csproj", "{784D7585-0768-4D16-8534-FC8891A28E04}"
EndProject
Project("{9A19103F-16F7-4668-BE54-9A1E7A4F7556}") = "CannedFoodNGoods", "CannedFoodNGoods\CannedFoodNGoods.csproj", "{F25316D9-C3B0-4FBE-B112-4952336D4A07}"
EndProject
Project("{9A19103F-16F7-4668-BE54-9A1E7A4F7556}") = "LogicSatelites", "LogicSatelites\LogicSatelites.csproj", "{7F120EDF-5E97-4962-8A0A-1D96E654BF8F}"
EndProject
Project("{9A19103F-16F7-4668-BE54-9A1E7A4F7556}") = "Rockets-TinyYetBig", "Rockets-TinyYetBig\Rockets-TinyYetBig.csproj", "{F7AC93F7-8808-4677-A547-5BD90FF17290}"
EndProject
Project("{9A19103F-16F7-4668-BE54-9A1E7A4F7556}") = "YamlTemplateExportFix", "YamlTemplateExportFix\YamlTemplateExportFix.csproj", "{BA44B3B4-DB2A-4378-9C0A-F91ECCB8FA37}"
EndProject
Project("{9A19103F-16F7-4668-BE54-9A1E7A4F7556}") = "Cryopod", "Cryopod\Cryopod.csproj", "{561C0258-9610-4110-85FC-91810F54AA49}"
EndProject
Project("{9A19103F-16F7-4668-BE54-9A1E7A4F7556}") = "SpaceMapExpansionTest", "SpaceMapExpansionTest\SpaceMapExpansionTest.csproj", "{FD7AD2ED-E042-4193-B8D8-196F077D229A}"
EndProject
Project("{9A19103F-16F7-4668-BE54-9A1E7A4F7556}") = "SpaceStationsAndExploration", "SpaceStationsAndExploration\SpaceStationsAndExploration.csproj", "{B5D47E1B-5F2C-4232-8C97-5B11F8076907}"
EndProject
Project("{9A19103F-16F7-4668-BE54-9A1E7A4F7556}") = "ModListManager", "SaveGameModLoader\ModListManager.csproj", "{ED0AEDB8-8A03-45AE-8E61-71E7CA1EBCC6}"
EndProject
Project("{9A19103F-16F7-4668-BE54-9A1E7A4F7556}") = "SetStartDupes", "SetStartDupes\SetStartDupes.csproj", "{6AFD893D-3D81-4A1E-9857-EC99D3F106C4}"
EndProject
Project("{9A19103F-16F7-4668-BE54-9A1E7A4F7556}") = "DailyRoutine", "DailyRoutine\DailyRoutine.csproj", "{403DF048-A91F-4BCB-9DB1-AFB712E292D5}"
EndProject
Project("{9A19103F-16F7-4668-BE54-9A1E7A4F7556}") = "DupePodRailgun", "DupePodRailgun\DupePodRailgun.csproj", "{A2386D26-8ED8-49E6-B798-FE58CB9EC155}"
EndProject
Project("{FAE04EC0-301F-11D3-BF4B-00C04F79EFBC}") = "TemplateToExport", "TemplateToExport\TemplateToExport.csproj", "{A680C402-705D-423A-AF09-D054B3D6424C}"
EndProject
Project("{9A19103F-16F7-4668-BE54-9A1E7A4F7556}") = "StoreDreamJournals", "StoreDreamJournals\StoreDreamJournals.csproj", "{C969069D-E336-4487-9B01-2BD856246C72}"
EndProject
Project("{9A19103F-16F7-4668-BE54-9A1E7A4F7556}") = "RotatableRadboltStorage", "RotatableRadboltStorage\RotatableRadboltStorage.csproj", "{1BF5EEA9-D320-4D86-A1CC-CB08486EF2AD}"
EndProject
Project("{FAE04EC0-301F-11D3-BF4B-00C04F79EFBC}") = "LessAnnoyingPajamas", "LessAnnoyingPajamas\LessAnnoyingPajamas.csproj", "{9FB36856-6C51-4DD5-9313-A8C70117BEFE}"
EndProject
Global
	GlobalSection(SolutionConfigurationPlatforms) = preSolution
		Debug|Any CPU = Debug|Any CPU
		Release|Any CPU = Release|Any CPU
	EndGlobalSection
	GlobalSection(ProjectConfigurationPlatforms) = postSolution
		{AAA43DBC-7B67-4027-B615-4289936FB99C}.Debug|Any CPU.ActiveCfg = Debug|Any CPU
		{AAA43DBC-7B67-4027-B615-4289936FB99C}.Debug|Any CPU.Build.0 = Debug|Any CPU
		{AAA43DBC-7B67-4027-B615-4289936FB99C}.Release|Any CPU.ActiveCfg = Debug|Any CPU
		{AAA43DBC-7B67-4027-B615-4289936FB99C}.Release|Any CPU.Build.0 = Debug|Any CPU
		{BFA3D6B9-F435-448E-B1A0-0D33F944CEB3}.Debug|Any CPU.ActiveCfg = Debug|Any CPU
		{BFA3D6B9-F435-448E-B1A0-0D33F944CEB3}.Debug|Any CPU.Build.0 = Debug|Any CPU
		{BFA3D6B9-F435-448E-B1A0-0D33F944CEB3}.Release|Any CPU.ActiveCfg = Debug|Any CPU
		{BFA3D6B9-F435-448E-B1A0-0D33F944CEB3}.Release|Any CPU.Build.0 = Debug|Any CPU
		{27578E2C-D7D3-4A01-94C1-58F72668471C}.Debug|Any CPU.ActiveCfg = Debug|Any CPU
		{27578E2C-D7D3-4A01-94C1-58F72668471C}.Debug|Any CPU.Build.0 = Debug|Any CPU
		{27578E2C-D7D3-4A01-94C1-58F72668471C}.Release|Any CPU.ActiveCfg = Debug|Any CPU
		{27578E2C-D7D3-4A01-94C1-58F72668471C}.Release|Any CPU.Build.0 = Debug|Any CPU
		{784D7585-0768-4D16-8534-FC8891A28E04}.Debug|Any CPU.ActiveCfg = Debug|Any CPU
		{784D7585-0768-4D16-8534-FC8891A28E04}.Debug|Any CPU.Build.0 = Debug|Any CPU
		{784D7585-0768-4D16-8534-FC8891A28E04}.Release|Any CPU.ActiveCfg = Debug|Any CPU
		{784D7585-0768-4D16-8534-FC8891A28E04}.Release|Any CPU.Build.0 = Debug|Any CPU
		{F25316D9-C3B0-4FBE-B112-4952336D4A07}.Debug|Any CPU.ActiveCfg = Debug|Any CPU
		{F25316D9-C3B0-4FBE-B112-4952336D4A07}.Debug|Any CPU.Build.0 = Debug|Any CPU
		{F25316D9-C3B0-4FBE-B112-4952336D4A07}.Release|Any CPU.ActiveCfg = Debug|Any CPU
		{F25316D9-C3B0-4FBE-B112-4952336D4A07}.Release|Any CPU.Build.0 = Debug|Any CPU
		{7F120EDF-5E97-4962-8A0A-1D96E654BF8F}.Debug|Any CPU.ActiveCfg = Debug|Any CPU
		{7F120EDF-5E97-4962-8A0A-1D96E654BF8F}.Debug|Any CPU.Build.0 = Debug|Any CPU
		{7F120EDF-5E97-4962-8A0A-1D96E654BF8F}.Release|Any CPU.ActiveCfg = Debug|Any CPU
		{7F120EDF-5E97-4962-8A0A-1D96E654BF8F}.Release|Any CPU.Build.0 = Debug|Any CPU
		{F7AC93F7-8808-4677-A547-5BD90FF17290}.Debug|Any CPU.ActiveCfg = Debug|Any CPU
		{F7AC93F7-8808-4677-A547-5BD90FF17290}.Debug|Any CPU.Build.0 = Debug|Any CPU
		{F7AC93F7-8808-4677-A547-5BD90FF17290}.Release|Any CPU.ActiveCfg = Debug|Any CPU
		{F7AC93F7-8808-4677-A547-5BD90FF17290}.Release|Any CPU.Build.0 = Debug|Any CPU
		{BA44B3B4-DB2A-4378-9C0A-F91ECCB8FA37}.Debug|Any CPU.ActiveCfg = Debug|Any CPU
		{BA44B3B4-DB2A-4378-9C0A-F91ECCB8FA37}.Debug|Any CPU.Build.0 = Debug|Any CPU
		{BA44B3B4-DB2A-4378-9C0A-F91ECCB8FA37}.Release|Any CPU.ActiveCfg = Debug|Any CPU
		{BA44B3B4-DB2A-4378-9C0A-F91ECCB8FA37}.Release|Any CPU.Build.0 = Debug|Any CPU
		{561C0258-9610-4110-85FC-91810F54AA49}.Debug|Any CPU.ActiveCfg = Debug|Any CPU
		{561C0258-9610-4110-85FC-91810F54AA49}.Debug|Any CPU.Build.0 = Debug|Any CPU
		{561C0258-9610-4110-85FC-91810F54AA49}.Release|Any CPU.ActiveCfg = Debug|Any CPU
		{561C0258-9610-4110-85FC-91810F54AA49}.Release|Any CPU.Build.0 = Debug|Any CPU
		{FD7AD2ED-E042-4193-B8D8-196F077D229A}.Debug|Any CPU.ActiveCfg = Debug|Any CPU
		{FD7AD2ED-E042-4193-B8D8-196F077D229A}.Debug|Any CPU.Build.0 = Debug|Any CPU
		{FD7AD2ED-E042-4193-B8D8-196F077D229A}.Release|Any CPU.ActiveCfg = Debug|Any CPU
		{FD7AD2ED-E042-4193-B8D8-196F077D229A}.Release|Any CPU.Build.0 = Debug|Any CPU
		{B5D47E1B-5F2C-4232-8C97-5B11F8076907}.Debug|Any CPU.ActiveCfg = Debug|Any CPU
		{B5D47E1B-5F2C-4232-8C97-5B11F8076907}.Debug|Any CPU.Build.0 = Debug|Any CPU
		{B5D47E1B-5F2C-4232-8C97-5B11F8076907}.Release|Any CPU.ActiveCfg = Debug|Any CPU
		{B5D47E1B-5F2C-4232-8C97-5B11F8076907}.Release|Any CPU.Build.0 = Debug|Any CPU
		{ED0AEDB8-8A03-45AE-8E61-71E7CA1EBCC6}.Debug|Any CPU.ActiveCfg = Debug|Any CPU
		{ED0AEDB8-8A03-45AE-8E61-71E7CA1EBCC6}.Debug|Any CPU.Build.0 = Debug|Any CPU
		{ED0AEDB8-8A03-45AE-8E61-71E7CA1EBCC6}.Release|Any CPU.ActiveCfg = Debug|Any CPU
		{ED0AEDB8-8A03-45AE-8E61-71E7CA1EBCC6}.Release|Any CPU.Build.0 = Debug|Any CPU
		{6AFD893D-3D81-4A1E-9857-EC99D3F106C4}.Debug|Any CPU.ActiveCfg = Debug|Any CPU
		{6AFD893D-3D81-4A1E-9857-EC99D3F106C4}.Debug|Any CPU.Build.0 = Debug|Any CPU
		{6AFD893D-3D81-4A1E-9857-EC99D3F106C4}.Release|Any CPU.ActiveCfg = Debug|Any CPU
		{6AFD893D-3D81-4A1E-9857-EC99D3F106C4}.Release|Any CPU.Build.0 = Debug|Any CPU
		{403DF048-A91F-4BCB-9DB1-AFB712E292D5}.Debug|Any CPU.ActiveCfg = Debug|Any CPU
		{403DF048-A91F-4BCB-9DB1-AFB712E292D5}.Debug|Any CPU.Build.0 = Debug|Any CPU
		{403DF048-A91F-4BCB-9DB1-AFB712E292D5}.Release|Any CPU.ActiveCfg = Debug|Any CPU
		{403DF048-A91F-4BCB-9DB1-AFB712E292D5}.Release|Any CPU.Build.0 = Debug|Any CPU
		{A2386D26-8ED8-49E6-B798-FE58CB9EC155}.Debug|Any CPU.ActiveCfg = Debug|Any CPU
		{A2386D26-8ED8-49E6-B798-FE58CB9EC155}.Debug|Any CPU.Build.0 = Debug|Any CPU
		{A2386D26-8ED8-49E6-B798-FE58CB9EC155}.Release|Any CPU.ActiveCfg = Debug|Any CPU
		{A2386D26-8ED8-49E6-B798-FE58CB9EC155}.Release|Any CPU.Build.0 = Debug|Any CPU
		{A680C402-705D-423A-AF09-D054B3D6424C}.Debug|Any CPU.ActiveCfg = Debug|Any CPU
		{A680C402-705D-423A-AF09-D054B3D6424C}.Debug|Any CPU.Build.0 = Debug|Any CPU
		{A680C402-705D-423A-AF09-D054B3D6424C}.Release|Any CPU.ActiveCfg = Debug|Any CPU
		{A680C402-705D-423A-AF09-D054B3D6424C}.Release|Any CPU.Build.0 = Debug|Any CPU
		{C969069D-E336-4487-9B01-2BD856246C72}.Debug|Any CPU.ActiveCfg = Debug|Any CPU
		{C969069D-E336-4487-9B01-2BD856246C72}.Debug|Any CPU.Build.0 = Debug|Any CPU
		{C969069D-E336-4487-9B01-2BD856246C72}.Release|Any CPU.ActiveCfg = Debug|Any CPU
		{C969069D-E336-4487-9B01-2BD856246C72}.Release|Any CPU.Build.0 = Debug|Any CPU
		{1BF5EEA9-D320-4D86-A1CC-CB08486EF2AD}.Debug|Any CPU.ActiveCfg = Debug|Any CPU
		{1BF5EEA9-D320-4D86-A1CC-CB08486EF2AD}.Debug|Any CPU.Build.0 = Debug|Any CPU
		{1BF5EEA9-D320-4D86-A1CC-CB08486EF2AD}.Release|Any CPU.ActiveCfg = Debug|Any CPU
		{1BF5EEA9-D320-4D86-A1CC-CB08486EF2AD}.Release|Any CPU.Build.0 = Debug|Any CPU
		{9FB36856-6C51-4DD5-9313-A8C70117BEFE}.Debug|Any CPU.ActiveCfg = Debug|Any CPU
		{9FB36856-6C51-4DD5-9313-A8C70117BEFE}.Debug|Any CPU.Build.0 = Debug|Any CPU
		{9FB36856-6C51-4DD5-9313-A8C70117BEFE}.Release|Any CPU.ActiveCfg = Debug|Any CPU
		{9FB36856-6C51-4DD5-9313-A8C70117BEFE}.Release|Any CPU.Build.0 = Debug|Any CPU
	EndGlobalSection
	GlobalSection(SolutionProperties) = preSolution
		HideSolutionNode = FALSE
	EndGlobalSection
	GlobalSection(ExtensibilityGlobals) = postSolution
		SolutionGuid = {898228DF-1C3B-4527-B10D-83145966681D}
	EndGlobalSection
EndGlobal
